// !$*UTF8*$!
{
	archiveVersion = 1;
	classes = {
	};
	objectVersion = 48;
	objects = {

/* Begin PBXBuildFile section */
		F94E49631FFCE9CD009A942A /* AppDelegate.swift in Sources */ = {isa = PBXBuildFile; fileRef = F94E49621FFCE9CD009A942A /* AppDelegate.swift */; };
		F94E49651FFCE9CD009A942A /* ViewController.swift in Sources */ = {isa = PBXBuildFile; fileRef = F94E49641FFCE9CD009A942A /* ViewController.swift */; };
		F94E49681FFCE9CD009A942A /* Main.storyboard in Resources */ = {isa = PBXBuildFile; fileRef = F94E49661FFCE9CD009A942A /* Main.storyboard */; };
		F94E496D1FFCE9CD009A942A /* LaunchScreen.storyboard in Resources */ = {isa = PBXBuildFile; fileRef = F94E496B1FFCE9CD009A942A /* LaunchScreen.storyboard */; };
		F94E49751FFCEA22009A942A /* Assets.xcassets in Resources */ = {isa = PBXBuildFile; fileRef = F94E49741FFCEA22009A942A /* Assets.xcassets */; };
		F94E497A1FFCEA83009A942A /* AsteroidBehavior.swift in Sources */ = {isa = PBXBuildFile; fileRef = F94E49761FFCEA82009A942A /* AsteroidBehavior.swift */; };
		F94E497B1FFCEA83009A942A /* AsteroidFieldView.swift in Sources */ = {isa = PBXBuildFile; fileRef = F94E49771FFCEA83009A942A /* AsteroidFieldView.swift */; };
		F94E497C1FFCEA83009A942A /* GoldBehavior.swift in Sources */ = {isa = PBXBuildFile; fileRef = F94E49781FFCEA83009A942A /* GoldBehavior.swift */; };
		F94E497D1FFCEA83009A942A /* GoldFieldView.swift in Sources */ = {isa = PBXBuildFile; fileRef = F94E49791FFCEA83009A942A /* GoldFieldView.swift */; };
		F94E49A11FFCEB32009A942A /* SpaceshipView.swift in Sources */ = {isa = PBXBuildFile; fileRef = F94E499D1FFCEB31009A942A /* SpaceshipView.swift */; };
		F94E49A21FFCEB32009A942A /* CoreGraphicsExtensions.swift in Sources */ = {isa = PBXBuildFile; fileRef = F94E499E1FFCEB31009A942A /* CoreGraphicsExtensions.swift */; };
		F94E49A31FFCEB32009A942A /* GoldView.swift in Sources */ = {isa = PBXBuildFile; fileRef = F94E499F1FFCEB32009A942A /* GoldView.swift */; };
		F94E49A41FFCEB32009A942A /* AsteroidView.swift in Sources */ = {isa = PBXBuildFile; fileRef = F94E49A01FFCEB32009A942A /* AsteroidView.swift */; };
		F94E49A61FFCECC8009A942A /* StartVC.swift in Sources */ = {isa = PBXBuildFile; fileRef = F94E49A51FFCECC8009A942A /* StartVC.swift */; };
/* End PBXBuildFile section */

/* Begin PBXFileReference section */
		F94E495F1FFCE9CD009A942A /* fngame.app */ = {isa = PBXFileReference; explicitFileType = wrapper.application; includeInIndex = 0; path = fngame.app; sourceTree = BUILT_PRODUCTS_DIR; };
		F94E49621FFCE9CD009A942A /* AppDelegate.swift */ = {isa = PBXFileReference; lastKnownFileType = sourcecode.swift; path = AppDelegate.swift; sourceTree = "<group>"; };
		F94E49641FFCE9CD009A942A /* ViewController.swift */ = {isa = PBXFileReference; lastKnownFileType = sourcecode.swift; path = ViewController.swift; sourceTree = "<group>"; };
		F94E49671FFCE9CD009A942A /* Base */ = {isa = PBXFileReference; lastKnownFileType = file.storyboard; name = Base; path = Base.lproj/Main.storyboard; sourceTree = "<group>"; };
		F94E496C1FFCE9CD009A942A /* Base */ = {isa = PBXFileReference; lastKnownFileType = file.storyboard; name = Base; path = Base.lproj/LaunchScreen.storyboard; sourceTree = "<group>"; };
		F94E496E1FFCE9CD009A942A /* Info.plist */ = {isa = PBXFileReference; lastKnownFileType = text.plist.xml; path = Info.plist; sourceTree = "<group>"; };
		F94E49741FFCEA22009A942A /* Assets.xcassets */ = {isa = PBXFileReference; lastKnownFileType = folder.assetcatalog; name = Assets.xcassets; path = "../../../L14 Asteroids/Asteroids/Assets.xcassets"; sourceTree = "<group>"; };
		F94E49761FFCEA82009A942A /* AsteroidBehavior.swift */ = {isa = PBXFileReference; fileEncoding = 4; lastKnownFileType = sourcecode.swift; path = AsteroidBehavior.swift; sourceTree = "<group>"; };
		F94E49771FFCEA83009A942A /* AsteroidFieldView.swift */ = {isa = PBXFileReference; fileEncoding = 4; lastKnownFileType = sourcecode.swift; path = AsteroidFieldView.swift; sourceTree = "<group>"; };
		F94E49781FFCEA83009A942A /* GoldBehavior.swift */ = {isa = PBXFileReference; fileEncoding = 4; lastKnownFileType = sourcecode.swift; path = GoldBehavior.swift; sourceTree = "<group>"; };
		F94E49791FFCEA83009A942A /* GoldFieldView.swift */ = {isa = PBXFileReference; fileEncoding = 4; lastKnownFileType = sourcecode.swift; path = GoldFieldView.swift; sourceTree = "<group>"; };
		F94E499D1FFCEB31009A942A /* SpaceshipView.swift */ = {isa = PBXFileReference; fileEncoding = 4; lastKnownFileType = sourcecode.swift; path = SpaceshipView.swift; sourceTree = "<group>"; };
		F94E499E1FFCEB31009A942A /* CoreGraphicsExtensions.swift */ = {isa = PBXFileReference; fileEncoding = 4; lastKnownFileType = sourcecode.swift; path = CoreGraphicsExtensions.swift; sourceTree = "<group>"; };
		F94E499F1FFCEB32009A942A /* GoldView.swift */ = {isa = PBXFileReference; fileEncoding = 4; lastKnownFileType = sourcecode.swift; path = GoldView.swift; sourceTree = "<group>"; };
		F94E49A01FFCEB32009A942A /* AsteroidView.swift */ = {isa = PBXFileReference; fileEncoding = 4; lastKnownFileType = sourcecode.swift; path = AsteroidView.swift; sourceTree = "<group>"; };
		F94E49A51FFCECC8009A942A /* StartVC.swift */ = {isa = PBXFileReference; lastKnownFileType = sourcecode.swift; path = StartVC.swift; sourceTree = "<group>"; };
/* End PBXFileReference section */

/* Begin PBXFrameworksBuildPhase section */
		F94E495C1FFCE9CD009A942A /* Frameworks */ = {
			isa = PBXFrameworksBuildPhase;
			buildActionMask = 2147483647;
			files = (
			);
			runOnlyForDeploymentPostprocessing = 0;
		};
/* End PBXFrameworksBuildPhase section */

/* Begin PBXGroup section */
		F94E49561FFCE9CD009A942A = {
			isa = PBXGroup;
			children = (
				F94E49611FFCE9CD009A942A /* fngame */,
				F94E49601FFCE9CD009A942A /* Products */,
			);
			sourceTree = "<group>";
		};
		F94E49601FFCE9CD009A942A /* Products */ = {
			isa = PBXGroup;
			children = (
				F94E495F1FFCE9CD009A942A /* fngame.app */,
			);
			name = Products;
			sourceTree = "<group>";
		};
		F94E49611FFCE9CD009A942A /* fngame */ = {
			isa = PBXGroup;
			children = (
				F94E49621FFCE9CD009A942A /* AppDelegate.swift */,
				F94E49641FFCE9CD009A942A /* ViewController.swift */,
				F94E49761FFCEA82009A942A /* AsteroidBehavior.swift */,
				F94E49771FFCEA83009A942A /* AsteroidFieldView.swift */,
				F94E49781FFCEA83009A942A /* GoldBehavior.swift */,
				F94E49791FFCEA83009A942A /* GoldFieldView.swift */,
				F94E49661FFCE9CD009A942A /* Main.storyboard */,
				F94E49A51FFCECC8009A942A /* StartVC.swift */,
				F94E49741FFCEA22009A942A /* Assets.xcassets */,
				F94E496B1FFCE9CD009A942A /* LaunchScreen.storyboard */,
				F94E496E1FFCE9CD009A942A /* Info.plist */,
				F94E497E1FFCEA8D009A942A /* Asteroids */,
			);
			path = fngame;
			sourceTree = "<group>";
		};
		F94E497E1FFCEA8D009A942A /* Asteroids */ = {
			isa = PBXGroup;
			children = (
				F94E49A01FFCEB32009A942A /* AsteroidView.swift */,
				F94E499E1FFCEB31009A942A /* CoreGraphicsExtensions.swift */,
				F94E499F1FFCEB32009A942A /* GoldView.swift */,
				F94E499D1FFCEB31009A942A /* SpaceshipView.swift */,
			);
			path = Asteroids;
			sourceTree = "<group>";
		};
/* End PBXGroup section */

/* Begin PBXNativeTarget section */
		F94E495E1FFCE9CD009A942A /* fngame */ = {
			isa = PBXNativeTarget;
			buildConfigurationList = F94E49711FFCE9CD009A942A /* Build configuration list for PBXNativeTarget "fngame" */;
			buildPhases = (
				F94E495B1FFCE9CD009A942A /* Sources */,
				F94E495C1FFCE9CD009A942A /* Frameworks */,
				F94E495D1FFCE9CD009A942A /* Resources */,
			);
			buildRules = (
			);
			dependencies = (
			);
			name = fngame;
			productName = fngame;
			productReference = F94E495F1FFCE9CD009A942A /* fngame.app */;
			productType = "com.apple.product-type.application";
		};
/* End PBXNativeTarget section */

/* Begin PBXProject section */
		F94E49571FFCE9CD009A942A /* Project object */ = {
			isa = PBXProject;
			attributes = {
				LastSwiftUpdateCheck = 0920;
				LastUpgradeCheck = 0920;
				ORGANIZATIONNAME = LBD;
				TargetAttributes = {
					F94E495E1FFCE9CD009A942A = {
						CreatedOnToolsVersion = 9.2;
						ProvisioningStyle = Automatic;
					};
				};
			};
			buildConfigurationList = F94E495A1FFCE9CD009A942A /* Build configuration list for PBXProject "fngame" */;
			compatibilityVersion = "Xcode 8.0";
			developmentRegion = en;
			hasScannedForEncodings = 0;
			knownRegions = (
				en,
				Base,
			);
			mainGroup = F94E49561FFCE9CD009A942A;
			productRefGroup = F94E49601FFCE9CD009A942A /* Products */;
			projectDirPath = "";
			projectRoot = "";
			targets = (
				F94E495E1FFCE9CD009A942A /* fngame */,
			);
		};
/* End PBXProject section */

/* Begin PBXResourcesBuildPhase section */
		F94E495D1FFCE9CD009A942A /* Resources */ = {
			isa = PBXResourcesBuildPhase;
			buildActionMask = 2147483647;
			files = (
				F94E496D1FFCE9CD009A942A /* LaunchScreen.storyboard in Resources */,
				F94E49751FFCEA22009A942A /* Assets.xcassets in Resources */,
				F94E49681FFCE9CD009A942A /* Main.storyboard in Resources */,
			);
			runOnlyForDeploymentPostprocessing = 0;
		};
/* End PBXResourcesBuildPhase section */

/* Begin PBXSourcesBuildPhase section */
		F94E495B1FFCE9CD009A942A /* Sources */ = {
			isa = PBXSourcesBuildPhase;
			buildActionMask = 2147483647;
			files = (
				F94E497B1FFCEA83009A942A /* AsteroidFieldView.swift in Sources */,
				F94E49A21FFCEB32009A942A /* CoreGraphicsExtensions.swift in Sources */,
				F94E49A11FFCEB32009A942A /* SpaceshipView.swift in Sources */,
				F94E49A41FFCEB32009A942A /* AsteroidView.swift in Sources */,
				F94E497A1FFCEA83009A942A /* AsteroidBehavior.swift in Sources */,
				F94E49651FFCE9CD009A942A /* ViewController.swift in Sources */,
				F94E497D1FFCEA83009A942A /* GoldFieldView.swift in Sources */,
				F94E497C1FFCEA83009A942A /* GoldBehavior.swift in Sources */,
				F94E49A61FFCECC8009A942A /* StartVC.swift in Sources */,
				F94E49A31FFCEB32009A942A /* GoldView.swift in Sources */,
				F94E49631FFCE9CD009A942A /* AppDelegate.swift in Sources */,
			);
			runOnlyForDeploymentPostprocessing = 0;
		};
/* End PBXSourcesBuildPhase section */

/* Begin PBXVariantGroup section */
		F94E49661FFCE9CD009A942A /* Main.storyboard */ = {
			isa = PBXVariantGroup;
			children = (
				F94E49671FFCE9CD009A942A /* Base */,
			);
			name = Main.storyboard;
			sourceTree = "<group>";
		};
		F94E496B1FFCE9CD009A942A /* LaunchScreen.storyboard */ = {
			isa = PBXVariantGroup;
			children = (
				F94E496C1FFCE9CD009A942A /* Base */,
			);
			name = LaunchScreen.storyboard;
			sourceTree = "<group>";
		};
/* End PBXVariantGroup section */

/* Begin XCBuildConfiguration section */
		F94E496F1FFCE9CD009A942A /* Debug */ = {
			isa = XCBuildConfiguration;
			buildSettings = {
				ALWAYS_SEARCH_USER_PATHS = NO;
				CLANG_ANALYZER_NONNULL = YES;
				CLANG_ANALYZER_NUMBER_OBJECT_CONVERSION = YES_AGGRESSIVE;
				CLANG_CXX_LANGUAGE_STANDARD = "gnu++14";
				CLANG_CXX_LIBRARY = "libc++";
				CLANG_ENABLE_MODULES = YES;
				CLANG_ENABLE_OBJC_ARC = YES;
				CLANG_WARN_BLOCK_CAPTURE_AUTORELEASING = YES;
				CLANG_WARN_BOOL_CONVERSION = YES;
				CLANG_WARN_COMMA = YES;
				CLANG_WARN_CONSTANT_CONVERSION = YES;
				CLANG_WARN_DIRECT_OBJC_ISA_USAGE = YES_ERROR;
				CLANG_WARN_DOCUMENTATION_COMMENTS = YES;
				CLANG_WARN_EMPTY_BODY = YES;
				CLANG_WARN_ENUM_CONVERSION = YES;
				CLANG_WARN_INFINITE_RECURSION = YES;
				CLANG_WARN_INT_CONVERSION = YES;
				CLANG_WARN_NON_LITERAL_NULL_CONVERSION = YES;
				CLANG_WARN_OBJC_LITERAL_CONVERSION = YES;
				CLANG_WARN_OBJC_ROOT_CLASS = YES_ERROR;
				CLANG_WARN_RANGE_LOOP_ANALYSIS = YES;
				CLANG_WARN_STRICT_PROTOTYPES = YES;
				CLANG_WARN_SUSPICIOUS_MOVE = YES;
				CLANG_WARN_UNGUARDED_AVAILABILITY = YES_AGGRESSIVE;
				CLANG_WARN_UNREACHABLE_CODE = YES;
				CLANG_WARN__DUPLICATE_METHOD_MATCH = YES;
				CODE_SIGN_IDENTITY = "iPhone Developer";
				COPY_PHASE_STRIP = NO;
				DEBUG_INFORMATION_FORMAT = dwarf;
				ENABLE_STRICT_OBJC_MSGSEND = YES;
				ENABLE_TESTABILITY = YES;
				GCC_C_LANGUAGE_STANDARD = gnu11;
				GCC_DYNAMIC_NO_PIC = NO;
				GCC_NO_COMMON_BLOCKS = YES;
				GCC_OPTIMIZATION_LEVEL = 0;
				GCC_PREPROCESSOR_DEFINITIONS = (
					"DEBUG=1",
					"$(inherited)",
				);
				GCC_WARN_64_TO_32_BIT_CONVERSION = YES;
				GCC_WARN_ABOUT_RETURN_TYPE = YES_ERROR;
				GCC_WARN_UNDECLARED_SELECTOR = YES;
				GCC_WARN_UNINITIALIZED_AUTOS = YES_AGGRESSIVE;
				GCC_WARN_UNUSED_FUNCTION = YES;
				GCC_WARN_UNUSED_VARIABLE = YES;
				IPHONEOS_DEPLOYMENT_TARGET = 9.0;
				MTL_ENABLE_DEBUG_INFO = YES;
				ONLY_ACTIVE_ARCH = YES;
				SDKROOT = iphoneos;
				SWIFT_ACTIVE_COMPILATION_CONDITIONS = DEBUG;
				SWIFT_OPTIMIZATION_LEVEL = "-Onone";
			};
			name = Debug;
		};
		F94E49701FFCE9CD009A942A /* Release */ = {
			isa = XCBuildConfiguration;
			buildSettings = {
				ALWAYS_SEARCH_USER_PATHS = NO;
				CLANG_ANALYZER_NONNULL = YES;
				CLANG_ANALYZER_NUMBER_OBJECT_CONVERSION = YES_AGGRESSIVE;
				CLANG_CXX_LANGUAGE_STANDARD = "gnu++14";
				CLANG_CXX_LIBRARY = "libc++";
				CLANG_ENABLE_MODULES = YES;
				CLANG_ENABLE_OBJC_ARC = YES;
				CLANG_WARN_BLOCK_CAPTURE_AUTORELEASING = YES;
				CLANG_WARN_BOOL_CONVERSION = YES;
				CLANG_WARN_COMMA = YES;
				CLANG_WARN_CONSTANT_CONVERSION = YES;
				CLANG_WARN_DIRECT_OBJC_ISA_USAGE = YES_ERROR;
				CLANG_WARN_DOCUMENTATION_COMMENTS = YES;
				CLANG_WARN_EMPTY_BODY = YES;
				CLANG_WARN_ENUM_CONVERSION = YES;
				CLANG_WARN_INFINITE_RECURSION = YES;
				CLANG_WARN_INT_CONVERSION = YES;
				CLANG_WARN_NON_LITERAL_NULL_CONVERSION = YES;
				CLANG_WARN_OBJC_LITERAL_CONVERSION = YES;
				CLANG_WARN_OBJC_ROOT_CLASS = YES_ERROR;
				CLANG_WARN_RANGE_LOOP_ANALYSIS = YES;
				CLANG_WARN_STRICT_PROTOTYPES = YES;
				CLANG_WARN_SUSPICIOUS_MOVE = YES;
				CLANG_WARN_UNGUARDED_AVAILABILITY = YES_AGGRESSIVE;
				CLANG_WARN_UNREACHABLE_CODE = YES;
				CLANG_WARN__DUPLICATE_METHOD_MATCH = YES;
				CODE_SIGN_IDENTITY = "iPhone Developer";
				COPY_PHASE_STRIP = NO;
				DEBUG_INFORMATION_FORMAT = "dwarf-with-dsym";
				ENABLE_NS_ASSERTIONS = NO;
				ENABLE_STRICT_OBJC_MSGSEND = YES;
				GCC_C_LANGUAGE_STANDARD = gnu11;
				GCC_NO_COMMON_BLOCKS = YES;
				GCC_WARN_64_TO_32_BIT_CONVERSION = YES;
				GCC_WARN_ABOUT_RETURN_TYPE = YES_ERROR;
				GCC_WARN_UNDECLARED_SELECTOR = YES;
				GCC_WARN_UNINITIALIZED_AUTOS = YES_AGGRESSIVE;
				GCC_WARN_UNUSED_FUNCTION = YES;
				GCC_WARN_UNUSED_VARIABLE = YES;
				IPHONEOS_DEPLOYMENT_TARGET = 9.0;
				MTL_ENABLE_DEBUG_INFO = NO;
				SDKROOT = iphoneos;
				SWIFT_OPTIMIZATION_LEVEL = "-Owholemodule";
				VALIDATE_PRODUCT = YES;
			};
			name = Release;
		};
		F94E49721FFCE9CD009A942A /* Debug */ = {
			isa = XCBuildConfiguration;
			buildSettings = {
				ASSETCATALOG_COMPILER_APPICON_NAME = AppIcon;
				CODE_SIGN_STYLE = Automatic;
				DEVELOPMENT_TEAM = P9EZG3V6S8;
				INFOPLIST_FILE = fngame/Info.plist;
				IPHONEOS_DEPLOYMENT_TARGET = 9.0;
				LD_RUNPATH_SEARCH_PATHS = "$(inherited) @executable_path/Frameworks";
				PRODUCT_BUNDLE_IDENTIFIER = com.lbd.fngame;
				PRODUCT_NAME = "$(TARGET_NAME)";
				SWIFT_VERSION = 4.0;
				TARGETED_DEVICE_FAMILY = "1,2";
			};
			name = Debug;
		};
		F94E49731FFCE9CD009A942A /* Release */ = {
			isa = XCBuildConfiguration;
			buildSettings = {
				ASSETCATALOG_COMPILER_APPICON_NAME = AppIcon;
				CODE_SIGN_STYLE = Automatic;
				DEVELOPMENT_TEAM = P9EZG3V6S8;
				INFOPLIST_FILE = fngame/Info.plist;
				IPHONEOS_DEPLOYMENT_TARGET = 9.0;
				LD_RUNPATH_SEARCH_PATHS = "$(inherited) @executable_path/Frameworks";
				PRODUCT_BUNDLE_IDENTIFIER = com.lbd.fngame;
				PRODUCT_NAME = "$(TARGET_NAME)";
				SWIFT_VERSION = 4.0;
				TARGETED_DEVICE_FAMILY = "1,2";
			};
			name = Release;
		};
/* End XCBuildConfiguration section */

/* Begin XCConfigurationList section */
		F94E495A1FFCE9CD009A942A /* Build configuration list for PBXProject "fngame" */ = {
			isa = XCConfigurationList;
			buildConfigurations = (
				F94E496F1FFCE9CD009A942A /* Debug */,
				F94E49701FFCE9CD009A942A /* Release */,
			);
			defaultConfigurationIsVisible = 0;
			defaultConfigurationName = Release;
		};
		F94E49711FFCE9CD009A942A /* Build configuration list for PBXNativeTarget "fngame" */ = {
			isa = XCConfigurationList;
			buildConfigurations = (
				F94E49721FFCE9CD009A942A /* Debug */,
				F94E49731FFCE9CD009A942A /* Release */,
			);
			defaultConfigurationIsVisible = 0;
			defaultConfigurationName = Release;
		};
/* End XCConfigurationList section */
	};
	rootObject = F94E49571FFCE9CD009A942A /* Project object */;
}
